
Microsoft Visual Studio Solution File, Format Version 12.00
# Visual Studio Version 16
VisualStudioVersion = 16.0.29613.14
MinimumVisualStudioVersion = 10.0.40219.1
Project("{FAE04EC0-301F-11D3-BF4B-00C04F79EFBC}") = "Hasta kayıt", "Hasta kayıt.csproj", "{4A6ED1A0-8A47-43B5-8C77-7D20399E4C23}"
EndProject
Global
	GlobalSection(SolutionConfigurationPlatforms) = preSolution
		Debug|Any CPU = Debug|Any CPU
		Release|Any CPU = Release|Any CPU
	EndGlobalSection
	GlobalSection(ProjectConfigurationPlatforms) = postSolution
		{4A6ED1A0-8A47-43B5-8C77-7D20399E4C23}.Debug|Any CPU.ActiveCfg = Debug|Any CPU
		{4A6ED1A0-8A47-43B5-8C77-7D20399E4C23}.Debug|Any CPU.Build.0 = Debug|Any CPU
		{4A6ED1A0-8A47-43B5-8C77-7D20399E4C23}.Release|Any CPU.ActiveCfg = Release|Any CPU
		{4A6ED1A0-8A47-43B5-8C77-7D20399E4C23}.Release|Any CPU.Build.0 = Release|Any CPU
	EndGlobalSection
	GlobalSection(SolutionProperties) = preSolution
		HideSolutionNode = FALSE
	EndGlobalSection
	GlobalSection(ExtensibilityGlobals) = postSolution
		SolutionGuid = {CDF501DE-609B-4D9C-8699-8BE82C78BB1E}
	EndGlobalSection
EndGlobal
